
Microsoft Visual Studio Solution File, Format Version 12.00
# Visual Studio Version 17
VisualStudioVersion = 17.3.32922.545
MinimumVisualStudioVersion = 10.0.40219.1
Project("{FAE04EC0-301F-11D3-BF4B-00C04F79EFBC}") = "hospital_1", "hospital_1.csproj", "{705BE98A-3A34-437F-AD1D-94487C1B8264}"
EndProject
Global
	GlobalSection(SolutionConfigurationPlatforms) = preSolution
		Debug|Any CPU = Debug|Any CPU
		Release|Any CPU = Release|Any CPU
	EndGlobalSection
	GlobalSection(ProjectConfigurationPlatforms) = postSolution
		{705BE98A-3A34-437F-AD1D-94487C1B8264}.Debug|Any CPU.ActiveCfg = Debug|Any CPU
		{705BE98A-3A34-437F-AD1D-94487C1B8264}.Debug|Any CPU.Build.0 = Debug|Any CPU
		{705BE98A-3A34-437F-AD1D-94487C1B8264}.Release|Any CPU.ActiveCfg = Release|Any CPU
		{705BE98A-3A34-437F-AD1D-94487C1B8264}.Release|Any CPU.Build.0 = Release|Any CPU
	EndGlobalSection
	GlobalSection(SolutionProperties) = preSolution
		HideSolutionNode = FALSE
	EndGlobalSection
	GlobalSection(ExtensibilityGlobals) = postSolution
		SolutionGuid = {87155F8A-5391-476B-AC54-01B004017CBB}
	EndGlobalSection
EndGlobal
